
Microsoft Visual Studio Solution File, Format Version 12.00
# Visual Studio Version 17
VisualStudioVersion = 17.4.33213.308
MinimumVisualStudioVersion = 10.0.40219.1
Project("{FAE04EC0-301F-11D3-BF4B-00C04F79EFBC}") = "modul5_1302213111", "modul5_1302213111.csproj", "{45903C02-6482-4497-81E9-C9996396FA33}"
EndProject
Global
	GlobalSection(SolutionConfigurationPlatforms) = preSolution
		Debug|Any CPU = Debug|Any CPU
		Release|Any CPU = Release|Any CPU
	EndGlobalSection
	GlobalSection(ProjectConfigurationPlatforms) = postSolution
		{45903C02-6482-4497-81E9-C9996396FA33}.Debug|Any CPU.ActiveCfg = Debug|Any CPU
		{45903C02-6482-4497-81E9-C9996396FA33}.Debug|Any CPU.Build.0 = Debug|Any CPU
		{45903C02-6482-4497-81E9-C9996396FA33}.Release|Any CPU.ActiveCfg = Release|Any CPU
		{45903C02-6482-4497-81E9-C9996396FA33}.Release|Any CPU.Build.0 = Release|Any CPU
	EndGlobalSection
	GlobalSection(SolutionProperties) = preSolution
		HideSolutionNode = FALSE
	EndGlobalSection
	GlobalSection(ExtensibilityGlobals) = postSolution
		SolutionGuid = {8ACA64CF-3D8A-4860-9D89-D42CBC9362CD}
	EndGlobalSection
EndGlobal
